Microsoft Visual Studio Solution File, Format Version 12.00
# Visual Studio 15
VisualStudioVersion = 15.0.26730.12
MinimumVisualStudioVersion = 10.0.40219.1
Project("{9A19103F-16F7-4668-BE54-9A1E7A4F7556}") = "Xer.Cqrs", "Xer.Cqrs\Xer.Cqrs.csproj", "{BDF57B64-636E-4C03-A7F0-986A3E9A6AF0}"
EndProject
Project("{9A19103F-16F7-4668-BE54-9A1E7A4F7556}") = "Xer.Cqrs.EventSourcing", "Xer.Cqrs.EventSourcing\Xer.Cqrs.EventSourcing.csproj", "{76EDEAB0-9099-4A89-B1F6-D33C53A45BD8}"
EndProject
Project("{9A19103F-16F7-4668-BE54-9A1E7A4F7556}") = "Xer.Cqrs.Infrastructure", "Xer.Cqrs.Infrastructure\Xer.Cqrs.Infrastructure.csproj", "{DAE6EEA8-DE2D-4D26-87F0-7F71243C4B3C}"
EndProject
Project("{9A19103F-16F7-4668-BE54-9A1E7A4F7556}") = "Xer.Cqrs.Infrastructure.EventSourcing", "Xer.Cqrs.Infrastructure.EventSourcing\Xer.Cqrs.Infrastructure.EventSourcing.csproj", "{A00A9385-E657-4C4C-9453-5204B6F91CDA}"
EndProject
Global
	GlobalSection(SolutionConfigurationPlatforms) = preSolution
		Debug|Any CPU = Debug|Any CPU
		Release|Any CPU = Release|Any CPU
	EndGlobalSection
	GlobalSection(ProjectConfigurationPlatforms) = postSolution
		{BDF57B64-636E-4C03-A7F0-986A3E9A6AF0}.Debug|Any CPU.ActiveCfg = Debug|Any CPU
		{BDF57B64-636E-4C03-A7F0-986A3E9A6AF0}.Debug|Any CPU.Build.0 = Debug|Any CPU
		{BDF57B64-636E-4C03-A7F0-986A3E9A6AF0}.Release|Any CPU.ActiveCfg = Release|Any CPU
		{BDF57B64-636E-4C03-A7F0-986A3E9A6AF0}.Release|Any CPU.Build.0 = Release|Any CPU
		{76EDEAB0-9099-4A89-B1F6-D33C53A45BD8}.Debug|Any CPU.ActiveCfg = Debug|Any CPU
		{76EDEAB0-9099-4A89-B1F6-D33C53A45BD8}.Debug|Any CPU.Build.0 = Debug|Any CPU
		{76EDEAB0-9099-4A89-B1F6-D33C53A45BD8}.Release|Any CPU.ActiveCfg = Release|Any CPU
		{76EDEAB0-9099-4A89-B1F6-D33C53A45BD8}.Release|Any CPU.Build.0 = Release|Any CPU
		{DAE6EEA8-DE2D-4D26-87F0-7F71243C4B3C}.Debug|Any CPU.ActiveCfg = Debug|Any CPU
		{DAE6EEA8-DE2D-4D26-87F0-7F71243C4B3C}.Debug|Any CPU.Build.0 = Debug|Any CPU
		{DAE6EEA8-DE2D-4D26-87F0-7F71243C4B3C}.Release|Any CPU.ActiveCfg = Release|Any CPU
		{DAE6EEA8-DE2D-4D26-87F0-7F71243C4B3C}.Release|Any CPU.Build.0 = Release|Any CPU
		{A00A9385-E657-4C4C-9453-5204B6F91CDA}.Debug|Any CPU.ActiveCfg = Debug|Any CPU
		{A00A9385-E657-4C4C-9453-5204B6F91CDA}.Debug|Any CPU.Build.0 = Debug|Any CPU
		{A00A9385-E657-4C4C-9453-5204B6F91CDA}.Release|Any CPU.ActiveCfg = Release|Any CPU
		{A00A9385-E657-4C4C-9453-5204B6F91CDA}.Release|Any CPU.Build.0 = Release|Any CPU
	EndGlobalSection
	GlobalSection(SolutionProperties) = preSolution
		HideSolutionNode = FALSE
	EndGlobalSection
	GlobalSection(ExtensibilityGlobals) = postSolution
		SolutionGuid = {03714871-4DA2-4441-880E-E509A0F8205E}
	EndGlobalSection
EndGlobal
