Microsoft Visual Studio Solution File, Format Version 12.00
# Visual Studio 15
VisualStudioVersion = 15.0.26730.12
MinimumVisualStudioVersion = 10.0.40219.1
Project("{9A19103F-16F7-4668-BE54-9A1E7A4F7556}") = "Xer.Cqrs", "Xer.Cqrs\Xer.Cqrs.csproj", "{BDF57B64-636E-4C03-A7F0-986A3E9A6AF0}"
EndProject
Project("{9A19103F-16F7-4668-BE54-9A1E7A4F7556}") = "Xer.DomainDriven.EventSourcing", "Xer.DomainDriven.EventSourcing\Xer.DomainDriven.EventSourcing.csproj", "{76EDEAB0-9099-4A89-B1F6-D33C53A45BD8}"
EndProject
Project("{FAE04EC0-301F-11D3-BF4B-00C04F79EFBC}") = "Xer.DomainDriven", "Xer.DomainDriven\Xer.DomainDriven.csproj", "{109C8CD7-3C6C-48D5-9E83-BFCE82823D6E}"
EndProject
Global
	GlobalSection(SolutionConfigurationPlatforms) = preSolution
		Debug|Any CPU = Debug|Any CPU
		Release|Any CPU = Release|Any CPU
	EndGlobalSection
	GlobalSection(ProjectConfigurationPlatforms) = postSolution
		{BDF57B64-636E-4C03-A7F0-986A3E9A6AF0}.Debug|Any CPU.ActiveCfg = Debug|Any CPU
		{BDF57B64-636E-4C03-A7F0-986A3E9A6AF0}.Debug|Any CPU.Build.0 = Debug|Any CPU
		{BDF57B64-636E-4C03-A7F0-986A3E9A6AF0}.Release|Any CPU.ActiveCfg = Release|Any CPU
		{BDF57B64-636E-4C03-A7F0-986A3E9A6AF0}.Release|Any CPU.Build.0 = Release|Any CPU
		{76EDEAB0-9099-4A89-B1F6-D33C53A45BD8}.Debug|Any CPU.ActiveCfg = Debug|Any CPU
		{76EDEAB0-9099-4A89-B1F6-D33C53A45BD8}.Debug|Any CPU.Build.0 = Debug|Any CPU
		{76EDEAB0-9099-4A89-B1F6-D33C53A45BD8}.Release|Any CPU.ActiveCfg = Release|Any CPU
		{76EDEAB0-9099-4A89-B1F6-D33C53A45BD8}.Release|Any CPU.Build.0 = Release|Any CPU
		{109C8CD7-3C6C-48D5-9E83-BFCE82823D6E}.Debug|Any CPU.ActiveCfg = Debug|Any CPU
		{109C8CD7-3C6C-48D5-9E83-BFCE82823D6E}.Debug|Any CPU.Build.0 = Debug|Any CPU
		{109C8CD7-3C6C-48D5-9E83-BFCE82823D6E}.Release|Any CPU.ActiveCfg = Release|Any CPU
		{109C8CD7-3C6C-48D5-9E83-BFCE82823D6E}.Release|Any CPU.Build.0 = Release|Any CPU
	EndGlobalSection
	GlobalSection(SolutionProperties) = preSolution
		HideSolutionNode = FALSE
	EndGlobalSection
	GlobalSection(ExtensibilityGlobals) = postSolution
		SolutionGuid = {03714871-4DA2-4441-880E-E509A0F8205E}
	EndGlobalSection
EndGlobal
