Microsoft Visual Studio Solution File, Format Version 12.00
# Visual Studio 15
VisualStudioVersion = 15.0.27004.2008
MinimumVisualStudioVersion = 10.0.40219.1
Project("{9A19103F-16F7-4668-BE54-9A1E7A4F7556}") = "Xer.Cqrs.CommandStack", "Xer.Cqrs.CommandStack\Xer.Cqrs.CommandStack.csproj", "{BDF57B64-636E-4C03-A7F0-986A3E9A6AF0}"
EndProject
Project("{9A19103F-16F7-4668-BE54-9A1E7A4F7556}") = "Xer.Cqrs.EventSourcing", "Xer.Cqrs.EventSourcing\Xer.Cqrs.EventSourcing.csproj", "{76EDEAB0-9099-4A89-B1F6-D33C53A45BD8}"
EndProject
Project("{9A19103F-16F7-4668-BE54-9A1E7A4F7556}") = "Xer.DomainDriven", "Xer.DomainDriven\Xer.DomainDriven.csproj", "{109C8CD7-3C6C-48D5-9E83-BFCE82823D6E}"
EndProject
Project("{9A19103F-16F7-4668-BE54-9A1E7A4F7556}") = "Xer.Cqrs.Tests", "Tests\Xer.Cqrs.Tests\Xer.Cqrs.Tests.csproj", "{2FFBBBB7-C2BF-4EA7-B440-3C68DD19A4CB}"
EndProject
Project("{9A19103F-16F7-4668-BE54-9A1E7A4F7556}") = "Xer.Cqrs.EventSourcing.EventStore", "Xer.Cqrs.EventSourcing.EventStore\Xer.Cqrs.EventSourcing.EventStore.csproj", "{D2EF60DE-DBF8-42B8-8FE2-7844493F38B3}"
EndProject
Project("{9A19103F-16F7-4668-BE54-9A1E7A4F7556}") = "Xer.Cqrs.EventSourcing.Tests", "Tests\Xer.Cqrs.EventSourcing.Tests\Xer.Cqrs.EventSourcing.Tests.csproj", "{B2315420-95C7-44EF-977B-D34BAD997A98}"
EndProject
Project("{9A19103F-16F7-4668-BE54-9A1E7A4F7556}") = "Xer.Cqrs.QueryStack", "Xer.Cqrs.QueryStack\Xer.Cqrs.QueryStack.csproj", "{3BE4E0FA-9992-4F81-BE96-9CFA9FCC1809}"
EndProject
Project("{9A19103F-16F7-4668-BE54-9A1E7A4F7556}") = "Xer.Cqrs.Events", "Xer.Cqrs.Events\Xer.Cqrs.Events.csproj", "{EAD6D545-3EC8-476E-B976-33B8EA8E85BB}"
EndProject
Project("{2150E333-8FDC-42A3-9474-1A3956D46DE8}") = "Tests", "Tests", "{B8368CCD-E692-430E-AE0F-4C346C5233F5}"
EndProject
Global
	GlobalSection(SolutionConfigurationPlatforms) = preSolution
		Debug|Any CPU = Debug|Any CPU
		Release|Any CPU = Release|Any CPU
	EndGlobalSection
	GlobalSection(ProjectConfigurationPlatforms) = postSolution
		{BDF57B64-636E-4C03-A7F0-986A3E9A6AF0}.Debug|Any CPU.ActiveCfg = Debug|Any CPU
		{BDF57B64-636E-4C03-A7F0-986A3E9A6AF0}.Debug|Any CPU.Build.0 = Debug|Any CPU
		{BDF57B64-636E-4C03-A7F0-986A3E9A6AF0}.Release|Any CPU.ActiveCfg = Release|Any CPU
		{BDF57B64-636E-4C03-A7F0-986A3E9A6AF0}.Release|Any CPU.Build.0 = Release|Any CPU
		{76EDEAB0-9099-4A89-B1F6-D33C53A45BD8}.Debug|Any CPU.ActiveCfg = Debug|Any CPU
		{76EDEAB0-9099-4A89-B1F6-D33C53A45BD8}.Debug|Any CPU.Build.0 = Debug|Any CPU
		{76EDEAB0-9099-4A89-B1F6-D33C53A45BD8}.Release|Any CPU.ActiveCfg = Release|Any CPU
		{76EDEAB0-9099-4A89-B1F6-D33C53A45BD8}.Release|Any CPU.Build.0 = Release|Any CPU
		{109C8CD7-3C6C-48D5-9E83-BFCE82823D6E}.Debug|Any CPU.ActiveCfg = Debug|Any CPU
		{109C8CD7-3C6C-48D5-9E83-BFCE82823D6E}.Debug|Any CPU.Build.0 = Debug|Any CPU
		{109C8CD7-3C6C-48D5-9E83-BFCE82823D6E}.Release|Any CPU.ActiveCfg = Release|Any CPU
		{109C8CD7-3C6C-48D5-9E83-BFCE82823D6E}.Release|Any CPU.Build.0 = Release|Any CPU
		{2FFBBBB7-C2BF-4EA7-B440-3C68DD19A4CB}.Debug|Any CPU.ActiveCfg = Debug|Any CPU
		{2FFBBBB7-C2BF-4EA7-B440-3C68DD19A4CB}.Debug|Any CPU.Build.0 = Debug|Any CPU
		{2FFBBBB7-C2BF-4EA7-B440-3C68DD19A4CB}.Release|Any CPU.ActiveCfg = Release|Any CPU
		{2FFBBBB7-C2BF-4EA7-B440-3C68DD19A4CB}.Release|Any CPU.Build.0 = Release|Any CPU
		{D2EF60DE-DBF8-42B8-8FE2-7844493F38B3}.Debug|Any CPU.ActiveCfg = Debug|Any CPU
		{D2EF60DE-DBF8-42B8-8FE2-7844493F38B3}.Debug|Any CPU.Build.0 = Debug|Any CPU
		{D2EF60DE-DBF8-42B8-8FE2-7844493F38B3}.Release|Any CPU.ActiveCfg = Release|Any CPU
		{D2EF60DE-DBF8-42B8-8FE2-7844493F38B3}.Release|Any CPU.Build.0 = Release|Any CPU
		{B2315420-95C7-44EF-977B-D34BAD997A98}.Debug|Any CPU.ActiveCfg = Debug|Any CPU
		{B2315420-95C7-44EF-977B-D34BAD997A98}.Debug|Any CPU.Build.0 = Debug|Any CPU
		{B2315420-95C7-44EF-977B-D34BAD997A98}.Release|Any CPU.ActiveCfg = Release|Any CPU
		{B2315420-95C7-44EF-977B-D34BAD997A98}.Release|Any CPU.Build.0 = Release|Any CPU
		{3BE4E0FA-9992-4F81-BE96-9CFA9FCC1809}.Debug|Any CPU.ActiveCfg = Debug|Any CPU
		{3BE4E0FA-9992-4F81-BE96-9CFA9FCC1809}.Debug|Any CPU.Build.0 = Debug|Any CPU
		{3BE4E0FA-9992-4F81-BE96-9CFA9FCC1809}.Release|Any CPU.ActiveCfg = Release|Any CPU
		{3BE4E0FA-9992-4F81-BE96-9CFA9FCC1809}.Release|Any CPU.Build.0 = Release|Any CPU
		{EAD6D545-3EC8-476E-B976-33B8EA8E85BB}.Debug|Any CPU.ActiveCfg = Debug|Any CPU
		{EAD6D545-3EC8-476E-B976-33B8EA8E85BB}.Debug|Any CPU.Build.0 = Debug|Any CPU
		{EAD6D545-3EC8-476E-B976-33B8EA8E85BB}.Release|Any CPU.ActiveCfg = Release|Any CPU
		{EAD6D545-3EC8-476E-B976-33B8EA8E85BB}.Release|Any CPU.Build.0 = Release|Any CPU
	EndGlobalSection
	GlobalSection(SolutionProperties) = preSolution
		HideSolutionNode = FALSE
	EndGlobalSection
	GlobalSection(NestedProjects) = preSolution
		{2FFBBBB7-C2BF-4EA7-B440-3C68DD19A4CB} = {B8368CCD-E692-430E-AE0F-4C346C5233F5}
		{B2315420-95C7-44EF-977B-D34BAD997A98} = {B8368CCD-E692-430E-AE0F-4C346C5233F5}
	EndGlobalSection
	GlobalSection(ExtensibilityGlobals) = postSolution
		SolutionGuid = {03714871-4DA2-4441-880E-E509A0F8205E}
	EndGlobalSection
EndGlobal
